// !$*UTF8*$!
{
	archiveVersion = 1;
	classes = {
	};
	objectVersion = 50;
	objects = {

/* Begin PBXBuildFile section */
		181216F7254450C2006FCA0B /* Main.storyboard in Resources */ = {isa = PBXBuildFile; fileRef = 181216F6254450C2006FCA0B /* Main.storyboard */; };
		181216FB254460FC006FCA0B /* TrainingViewController.swift in Sources */ = {isa = PBXBuildFile; fileRef = 181216FA254460FC006FCA0B /* TrainingViewController.swift */; };
		181216FE25446C65006FCA0B /* ProfileViewController.swift in Sources */ = {isa = PBXBuildFile; fileRef = 181216FD25446C65006FCA0B /* ProfileViewController.swift */; };
		18E10F48254353F70022D009 /* TestingViewController.swift in Sources */ = {isa = PBXBuildFile; fileRef = 18E10F47254353F70022D009 /* TestingViewController.swift */; };
		18E10F4D254367520022D009 /* AVFoundation.framework in Frameworks */ = {isa = PBXBuildFile; fileRef = 18E10F4C254367520022D009 /* AVFoundation.framework */; };
		18E10F5025436C5D0022D009 /* Sounds in Resources */ = {isa = PBXBuildFile; fileRef = 18E10F4F25436C5D0022D009 /* Sounds */; };
		18FC642125460F0200A15A87 /* DataSets in Resources */ = {isa = PBXBuildFile; fileRef = 18FC642025460F0200A15A87 /* DataSets */; };
		18FC642425460FC100A15A87 /* DataTransporter.swift in Sources */ = {isa = PBXBuildFile; fileRef = 18FC642325460FC100A15A87 /* DataTransporter.swift */; };
		84982EF72530F10C009C6A4A /* AppDelegate.swift in Sources */ = {isa = PBXBuildFile; fileRef = 84982EF62530F10C009C6A4A /* AppDelegate.swift */; };
		84982EF92530F10C009C6A4A /* SceneDelegate.swift in Sources */ = {isa = PBXBuildFile; fileRef = 84982EF82530F10C009C6A4A /* SceneDelegate.swift */; };
		84982EFB2530F10C009C6A4A /* ViewController.swift in Sources */ = {isa = PBXBuildFile; fileRef = 84982EFA2530F10C009C6A4A /* ViewController.swift */; };
		84982F002530F10F009C6A4A /* Assets.xcassets in Resources */ = {isa = PBXBuildFile; fileRef = 84982EFF2530F10F009C6A4A /* Assets.xcassets */; };
		84982F032530F10F009C6A4A /* LaunchScreen.storyboard in Resources */ = {isa = PBXBuildFile; fileRef = 84982F012530F10F009C6A4A /* LaunchScreen.storyboard */; };
		84A107122546F722008DB456 /* MainTabBar.swift in Sources */ = {isa = PBXBuildFile; fileRef = 84A107112546F722008DB456 /* MainTabBar.swift */; };
		84AFF79A253E2E03009FB86B /* User.swift in Sources */ = {isa = PBXBuildFile; fileRef = 84AFF799253E2E02009FB86B /* User.swift */; };
		84E619652542223A0075AEBA /* StartViewController.swift in Sources */ = {isa = PBXBuildFile; fileRef = 84E619642542223A0075AEBA /* StartViewController.swift */; };
		84E6196925422C920075AEBA /* RegistrationViewController.swift in Sources */ = {isa = PBXBuildFile; fileRef = 84E6196825422C920075AEBA /* RegistrationViewController.swift */; };
		84E6197925455AF20075AEBA /* Networking.swift in Sources */ = {isa = PBXBuildFile; fileRef = 84E6197825455AF10075AEBA /* Networking.swift */; };
/* End PBXBuildFile section */

/* Begin PBXFileReference section */
		181216F6254450C2006FCA0B /* Main.storyboard */ = {isa = PBXFileReference; fileEncoding = 4; lastKnownFileType = file.storyboard; path = Main.storyboard; sourceTree = "<group>"; };
		181216FA254460FC006FCA0B /* TrainingViewController.swift */ = {isa = PBXFileReference; lastKnownFileType = sourcecode.swift; path = TrainingViewController.swift; sourceTree = "<group>"; };
		181216FD25446C65006FCA0B /* ProfileViewController.swift */ = {isa = PBXFileReference; lastKnownFileType = sourcecode.swift; path = ProfileViewController.swift; sourceTree = "<group>"; };
		18E10F47254353F70022D009 /* TestingViewController.swift */ = {isa = PBXFileReference; lastKnownFileType = sourcecode.swift; path = TestingViewController.swift; sourceTree = "<group>"; };
		18E10F4C254367520022D009 /* AVFoundation.framework */ = {isa = PBXFileReference; lastKnownFileType = wrapper.framework; name = AVFoundation.framework; path = System/Library/Frameworks/AVFoundation.framework; sourceTree = SDKROOT; };
		18E10F4F25436C5D0022D009 /* Sounds */ = {isa = PBXFileReference; lastKnownFileType = folder; path = Sounds; sourceTree = "<group>"; };
		18FC642025460F0200A15A87 /* DataSets */ = {isa = PBXFileReference; lastKnownFileType = folder; path = DataSets; sourceTree = "<group>"; };
		18FC642325460FC100A15A87 /* DataTransporter.swift */ = {isa = PBXFileReference; lastKnownFileType = sourcecode.swift; path = DataTransporter.swift; sourceTree = "<group>"; };
		84982EF32530F10C009C6A4A /* EnglishApp.app */ = {isa = PBXFileReference; explicitFileType = wrapper.application; includeInIndex = 0; path = EnglishApp.app; sourceTree = BUILT_PRODUCTS_DIR; };
		84982EF62530F10C009C6A4A /* AppDelegate.swift */ = {isa = PBXFileReference; lastKnownFileType = sourcecode.swift; path = AppDelegate.swift; sourceTree = "<group>"; };
		84982EF82530F10C009C6A4A /* SceneDelegate.swift */ = {isa = PBXFileReference; lastKnownFileType = sourcecode.swift; path = SceneDelegate.swift; sourceTree = "<group>"; };
		84982EFA2530F10C009C6A4A /* ViewController.swift */ = {isa = PBXFileReference; lastKnownFileType = sourcecode.swift; path = ViewController.swift; sourceTree = "<group>"; };
		84982EFF2530F10F009C6A4A /* Assets.xcassets */ = {isa = PBXFileReference; lastKnownFileType = folder.assetcatalog; path = Assets.xcassets; sourceTree = "<group>"; };
		84982F022530F10F009C6A4A /* Base */ = {isa = PBXFileReference; lastKnownFileType = file.storyboard; name = Base; path = Base.lproj/LaunchScreen.storyboard; sourceTree = "<group>"; };
		84982F042530F10F009C6A4A /* Info.plist */ = {isa = PBXFileReference; lastKnownFileType = text.plist.xml; path = Info.plist; sourceTree = "<group>"; };
		84A107112546F722008DB456 /* MainTabBar.swift */ = {isa = PBXFileReference; lastKnownFileType = sourcecode.swift; path = MainTabBar.swift; sourceTree = "<group>"; };
		84AFF799253E2E02009FB86B /* User.swift */ = {isa = PBXFileReference; lastKnownFileType = sourcecode.swift; path = User.swift; sourceTree = "<group>"; };
		84E619642542223A0075AEBA /* StartViewController.swift */ = {isa = PBXFileReference; lastKnownFileType = sourcecode.swift; path = StartViewController.swift; sourceTree = "<group>"; };
		84E6196825422C920075AEBA /* RegistrationViewController.swift */ = {isa = PBXFileReference; lastKnownFileType = sourcecode.swift; path = RegistrationViewController.swift; sourceTree = "<group>"; };
		84E6197825455AF10075AEBA /* Networking.swift */ = {isa = PBXFileReference; lastKnownFileType = sourcecode.swift; path = Networking.swift; sourceTree = "<group>"; };
/* End PBXFileReference section */

/* Begin PBXFrameworksBuildPhase section */
		84982EF02530F10C009C6A4A /* Frameworks */ = {
			isa = PBXFrameworksBuildPhase;
			buildActionMask = 2147483647;
			files = (
				18E10F4D254367520022D009 /* AVFoundation.framework in Frameworks */,
			);
			runOnlyForDeploymentPostprocessing = 0;
		};
/* End PBXFrameworksBuildPhase section */

/* Begin PBXGroup section */
		18E10F4B254367520022D009 /* Frameworks */ = {
			isa = PBXGroup;
			children = (
				18E10F4C254367520022D009 /* AVFoundation.framework */,
			);
			name = Frameworks;
			sourceTree = "<group>";
		};
		84982EEA2530F10C009C6A4A = {
			isa = PBXGroup;
			children = (
				84982EF52530F10C009C6A4A /* EnglishApp */,
				84982EF42530F10C009C6A4A /* Products */,
				18E10F4B254367520022D009 /* Frameworks */,
			);
			sourceTree = "<group>";
		};
		84982EF42530F10C009C6A4A /* Products */ = {
			isa = PBXGroup;
			children = (
				84982EF32530F10C009C6A4A /* EnglishApp.app */,
			);
			name = Products;
			sourceTree = "<group>";
		};
		84982EF52530F10C009C6A4A /* EnglishApp */ = {
			isa = PBXGroup;
			children = (
				18FC642025460F0200A15A87 /* DataSets */,
				18E10F4F25436C5D0022D009 /* Sounds */,
				84982EF62530F10C009C6A4A /* AppDelegate.swift */,
				84982EFA2530F10C009C6A4A /* ViewController.swift */,
				84982EF82530F10C009C6A4A /* SceneDelegate.swift */,
				84E619642542223A0075AEBA /* StartViewController.swift */,
				84E6196825422C920075AEBA /* RegistrationViewController.swift */,
				18E10F47254353F70022D009 /* TestingViewController.swift */,
				181216F6254450C2006FCA0B /* Main.storyboard */,
				181216FA254460FC006FCA0B /* TrainingViewController.swift */,
				181216FD25446C65006FCA0B /* ProfileViewController.swift */,
				84982EFF2530F10F009C6A4A /* Assets.xcassets */,
				84982F012530F10F009C6A4A /* LaunchScreen.storyboard */,
				84982F042530F10F009C6A4A /* Info.plist */,
				84AFF799253E2E02009FB86B /* User.swift */,
				84E6197825455AF10075AEBA /* Networking.swift */,
				84A107112546F722008DB456 /* MainTabBar.swift */,
				18FC642325460FC100A15A87 /* DataTransporter.swift */,
			);
			path = EnglishApp;
			sourceTree = "<group>";
		};
/* End PBXGroup section */

/* Begin PBXNativeTarget section */
		84982EF22530F10C009C6A4A /* EnglishApp */ = {
			isa = PBXNativeTarget;
			buildConfigurationList = 84982F072530F10F009C6A4A /* Build configuration list for PBXNativeTarget "EnglishApp" */;
			buildPhases = (
				84982EEF2530F10C009C6A4A /* Sources */,
				84982EF02530F10C009C6A4A /* Frameworks */,
				84982EF12530F10C009C6A4A /* Resources */,
			);
			buildRules = (
			);
			dependencies = (
			);
			name = EnglishApp;
			productName = EnglishApp;
			productReference = 84982EF32530F10C009C6A4A /* EnglishApp.app */;
			productType = "com.apple.product-type.application";
		};
/* End PBXNativeTarget section */

/* Begin PBXProject section */
		84982EEB2530F10C009C6A4A /* Project object */ = {
			isa = PBXProject;
			attributes = {
				LastSwiftUpdateCheck = 1140;
				LastUpgradeCheck = 1140;
				ORGANIZATIONNAME = Pasha;
				TargetAttributes = {
					84982EF22530F10C009C6A4A = {
						CreatedOnToolsVersion = 11.4;
					};
				};
			};
			buildConfigurationList = 84982EEE2530F10C009C6A4A /* Build configuration list for PBXProject "EnglishApp" */;
			compatibilityVersion = "Xcode 9.3";
			developmentRegion = en;
			hasScannedForEncodings = 0;
			knownRegions = (
				en,
				Base,
			);
			mainGroup = 84982EEA2530F10C009C6A4A;
			productRefGroup = 84982EF42530F10C009C6A4A /* Products */;
			projectDirPath = "";
			projectRoot = "";
			targets = (
				84982EF22530F10C009C6A4A /* EnglishApp */,
			);
		};
/* End PBXProject section */

/* Begin PBXResourcesBuildPhase section */
		84982EF12530F10C009C6A4A /* Resources */ = {
			isa = PBXResourcesBuildPhase;
			buildActionMask = 2147483647;
			files = (
				84982F032530F10F009C6A4A /* LaunchScreen.storyboard in Resources */,
				84982F002530F10F009C6A4A /* Assets.xcassets in Resources */,
				18E10F5025436C5D0022D009 /* Sounds in Resources */,
				181216F7254450C2006FCA0B /* Main.storyboard in Resources */,
				18FC642125460F0200A15A87 /* DataSets in Resources */,
			);
			runOnlyForDeploymentPostprocessing = 0;
		};
/* End PBXResourcesBuildPhase section */

/* Begin PBXSourcesBuildPhase section */
		84982EEF2530F10C009C6A4A /* Sources */ = {
			isa = PBXSourcesBuildPhase;
			buildActionMask = 2147483647;
			files = (
				18E10F48254353F70022D009 /* TestingViewController.swift in Sources */,
				84E6197925455AF20075AEBA /* Networking.swift in Sources */,
				84E6196925422C920075AEBA /* RegistrationViewController.swift in Sources */,
				181216FB254460FC006FCA0B /* TrainingViewController.swift in Sources */,
				84A107122546F722008DB456 /* MainTabBar.swift in Sources */,
				84AFF79A253E2E03009FB86B /* User.swift in Sources */,
				84982EFB2530F10C009C6A4A /* ViewController.swift in Sources */,
				84982EF72530F10C009C6A4A /* AppDelegate.swift in Sources */,
				18FC642425460FC100A15A87 /* DataTransporter.swift in Sources */,
				181216FE25446C65006FCA0B /* ProfileViewController.swift in Sources */,
				84982EF92530F10C009C6A4A /* SceneDelegate.swift in Sources */,
				84E619652542223A0075AEBA /* StartViewController.swift in Sources */,
			);
			runOnlyForDeploymentPostprocessing = 0;
		};
/* End PBXSourcesBuildPhase section */

/* Begin PBXVariantGroup section */
		84982F012530F10F009C6A4A /* LaunchScreen.storyboard */ = {
			isa = PBXVariantGroup;
			children = (
				84982F022530F10F009C6A4A /* Base */,
			);
			name = LaunchScreen.storyboard;
			sourceTree = "<group>";
		};
/* End PBXVariantGroup section */

/* Begin XCBuildConfiguration section */
		84982F052530F10F009C6A4A /* Debug */ = {
			isa = XCBuildConfiguration;
			buildSettings = {
				ALWAYS_SEARCH_USER_PATHS = NO;
				CLANG_ANALYZER_NONNULL = YES;
				CLANG_ANALYZER_NUMBER_OBJECT_CONVERSION = YES_AGGRESSIVE;
				CLANG_CXX_LANGUAGE_STANDARD = "gnu++14";
				CLANG_CXX_LIBRARY = "libc++";
				CLANG_ENABLE_MODULES = YES;
				CLANG_ENABLE_OBJC_ARC = YES;
				CLANG_ENABLE_OBJC_WEAK = YES;
				CLANG_WARN_BLOCK_CAPTURE_AUTORELEASING = YES;
				CLANG_WARN_BOOL_CONVERSION = YES;
				CLANG_WARN_COMMA = YES;
				CLANG_WARN_CONSTANT_CONVERSION = YES;
				CLANG_WARN_DEPRECATED_OBJC_IMPLEMENTATIONS = YES;
				CLANG_WARN_DIRECT_OBJC_ISA_USAGE = YES_ERROR;
				CLANG_WARN_DOCUMENTATION_COMMENTS = YES;
				CLANG_WARN_EMPTY_BODY = YES;
				CLANG_WARN_ENUM_CONVERSION = YES;
				CLANG_WARN_INFINITE_RECURSION = YES;
				CLANG_WARN_INT_CONVERSION = YES;
				CLANG_WARN_NON_LITERAL_NULL_CONVERSION = YES;
				CLANG_WARN_OBJC_IMPLICIT_RETAIN_SELF = YES;
				CLANG_WARN_OBJC_LITERAL_CONVERSION = YES;
				CLANG_WARN_OBJC_ROOT_CLASS = YES_ERROR;
				CLANG_WARN_RANGE_LOOP_ANALYSIS = YES;
				CLANG_WARN_STRICT_PROTOTYPES = YES;
				CLANG_WARN_SUSPICIOUS_MOVE = YES;
				CLANG_WARN_UNGUARDED_AVAILABILITY = YES_AGGRESSIVE;
				CLANG_WARN_UNREACHABLE_CODE = YES;
				CLANG_WARN__DUPLICATE_METHOD_MATCH = YES;
				COPY_PHASE_STRIP = NO;
				DEBUG_INFORMATION_FORMAT = dwarf;
				ENABLE_STRICT_OBJC_MSGSEND = YES;
				ENABLE_TESTABILITY = YES;
				GCC_C_LANGUAGE_STANDARD = gnu11;
				GCC_DYNAMIC_NO_PIC = NO;
				GCC_NO_COMMON_BLOCKS = YES;
				GCC_OPTIMIZATION_LEVEL = 0;
				GCC_PREPROCESSOR_DEFINITIONS = (
					"DEBUG=1",
					"$(inherited)",
				);
				GCC_WARN_64_TO_32_BIT_CONVERSION = YES;
				GCC_WARN_ABOUT_RETURN_TYPE = YES_ERROR;
				GCC_WARN_UNDECLARED_SELECTOR = YES;
				GCC_WARN_UNINITIALIZED_AUTOS = YES_AGGRESSIVE;
				GCC_WARN_UNUSED_FUNCTION = YES;
				GCC_WARN_UNUSED_VARIABLE = YES;
				IPHONEOS_DEPLOYMENT_TARGET = 13.5;
				MTL_ENABLE_DEBUG_INFO = INCLUDE_SOURCE;
				MTL_FAST_MATH = YES;
				ONLY_ACTIVE_ARCH = YES;
				SDKROOT = iphoneos;
				SWIFT_ACTIVE_COMPILATION_CONDITIONS = DEBUG;
				SWIFT_OPTIMIZATION_LEVEL = "-Onone";
			};
			name = Debug;
		};
		84982F062530F10F009C6A4A /* Release */ = {
			isa = XCBuildConfiguration;
			buildSettings = {
				ALWAYS_SEARCH_USER_PATHS = NO;
				CLANG_ANALYZER_NONNULL = YES;
				CLANG_ANALYZER_NUMBER_OBJECT_CONVERSION = YES_AGGRESSIVE;
				CLANG_CXX_LANGUAGE_STANDARD = "gnu++14";
				CLANG_CXX_LIBRARY = "libc++";
				CLANG_ENABLE_MODULES = YES;
				CLANG_ENABLE_OBJC_ARC = YES;
				CLANG_ENABLE_OBJC_WEAK = YES;
				CLANG_WARN_BLOCK_CAPTURE_AUTORELEASING = YES;
				CLANG_WARN_BOOL_CONVERSION = YES;
				CLANG_WARN_COMMA = YES;
				CLANG_WARN_CONSTANT_CONVERSION = YES;
				CLANG_WARN_DEPRECATED_OBJC_IMPLEMENTATIONS = YES;
				CLANG_WARN_DIRECT_OBJC_ISA_USAGE = YES_ERROR;
				CLANG_WARN_DOCUMENTATION_COMMENTS = YES;
				CLANG_WARN_EMPTY_BODY = YES;
				CLANG_WARN_ENUM_CONVERSION = YES;
				CLANG_WARN_INFINITE_RECURSION = YES;
				CLANG_WARN_INT_CONVERSION = YES;
				CLANG_WARN_NON_LITERAL_NULL_CONVERSION = YES;
				CLANG_WARN_OBJC_IMPLICIT_RETAIN_SELF = YES;
				CLANG_WARN_OBJC_LITERAL_CONVERSION = YES;
				CLANG_WARN_OBJC_ROOT_CLASS = YES_ERROR;
				CLANG_WARN_RANGE_LOOP_ANALYSIS = YES;
				CLANG_WARN_STRICT_PROTOTYPES = YES;
				CLANG_WARN_SUSPICIOUS_MOVE = YES;
				CLANG_WARN_UNGUARDED_AVAILABILITY = YES_AGGRESSIVE;
				CLANG_WARN_UNREACHABLE_CODE = YES;
				CLANG_WARN__DUPLICATE_METHOD_MATCH = YES;
				COPY_PHASE_STRIP = NO;
				DEBUG_INFORMATION_FORMAT = "dwarf-with-dsym";
				ENABLE_NS_ASSERTIONS = NO;
				ENABLE_STRICT_OBJC_MSGSEND = YES;
				GCC_C_LANGUAGE_STANDARD = gnu11;
				GCC_NO_COMMON_BLOCKS = YES;
				GCC_WARN_64_TO_32_BIT_CONVERSION = YES;
				GCC_WARN_ABOUT_RETURN_TYPE = YES_ERROR;
				GCC_WARN_UNDECLARED_SELECTOR = YES;
				GCC_WARN_UNINITIALIZED_AUTOS = YES_AGGRESSIVE;
				GCC_WARN_UNUSED_FUNCTION = YES;
				GCC_WARN_UNUSED_VARIABLE = YES;
				IPHONEOS_DEPLOYMENT_TARGET = 13.5;
				MTL_ENABLE_DEBUG_INFO = NO;
				MTL_FAST_MATH = YES;
				SDKROOT = iphoneos;
				SWIFT_COMPILATION_MODE = wholemodule;
				SWIFT_OPTIMIZATION_LEVEL = "-O";
				VALIDATE_PRODUCT = YES;
			};
			name = Release;
		};
		84982F082530F10F009C6A4A /* Debug */ = {
			isa = XCBuildConfiguration;
			buildSettings = {
				ASSETCATALOG_COMPILER_APPICON_NAME = AppIcon;
				CODE_SIGN_IDENTITY = "Apple Development";
				CODE_SIGN_STYLE = Automatic;
				DEVELOPMENT_TEAM = 99U8W5YTFV;
				INFOPLIST_FILE = EnglishApp/Info.plist;
				IPHONEOS_DEPLOYMENT_TARGET = 13.4;
				LD_RUNPATH_SEARCH_PATHS = (
					"$(inherited)",
					"@executable_path/Frameworks",
				);
				PRODUCT_BUNDLE_IDENTIFIER = "pash-.EnglishApp2.";
				PRODUCT_NAME = "$(TARGET_NAME)";
				PROVISIONING_PROFILE_SPECIFIER = "";
				SWIFT_VERSION = 5.0;
				TARGETED_DEVICE_FAMILY = 1;
			};
			name = Debug;
		};
		84982F092530F10F009C6A4A /* Release */ = {
			isa = XCBuildConfiguration;
			buildSettings = {
				ASSETCATALOG_COMPILER_APPICON_NAME = AppIcon;
				CODE_SIGN_IDENTITY = "Apple Development";
				CODE_SIGN_STYLE = Automatic;
				DEVELOPMENT_TEAM = 99U8W5YTFV;
				INFOPLIST_FILE = EnglishApp/Info.plist;
				IPHONEOS_DEPLOYMENT_TARGET = 13.4;
				LD_RUNPATH_SEARCH_PATHS = (
					"$(inherited)",
					"@executable_path/Frameworks",
				);
				PRODUCT_BUNDLE_IDENTIFIER = "pash-.EnglishApp2.";
				PRODUCT_NAME = "$(TARGET_NAME)";
				PROVISIONING_PROFILE_SPECIFIER = "";
				SWIFT_VERSION = 5.0;
				TARGETED_DEVICE_FAMILY = 1;
			};
			name = Release;
		};
/* End XCBuildConfiguration section */

/* Begin XCConfigurationList section */
		84982EEE2530F10C009C6A4A /* Build configuration list for PBXProject "EnglishApp" */ = {
			isa = XCConfigurationList;
			buildConfigurations = (
				84982F052530F10F009C6A4A /* Debug */,
				84982F062530F10F009C6A4A /* Release */,
			);
			defaultConfigurationIsVisible = 0;
			defaultConfigurationName = Release;
		};
		84982F072530F10F009C6A4A /* Build configuration list for PBXNativeTarget "EnglishApp" */ = {
			isa = XCConfigurationList;
			buildConfigurations = (
				84982F082530F10F009C6A4A /* Debug */,
				84982F092530F10F009C6A4A /* Release */,
			);
			defaultConfigurationIsVisible = 0;
			defaultConfigurationName = Release;
		};
/* End XCConfigurationList section */
	};
	rootObject = 84982EEB2530F10C009C6A4A /* Project object */;
}
